
Microsoft Visual Studio Solution File, Format Version 12.00
# Visual Studio 15
VisualStudioVersion = 15.0.27703.2026
MinimumVisualStudioVersion = 10.0.40219.1
Project("{FAE04EC0-301F-11D3-BF4B-00C04F79EFBC}") = "LaunchpadApi", "LaunchpadApi\LaunchpadApi.csproj", "{E70ABC2A-5B8E-4115-AC8F-DDFF4765DFC7}"
EndProject
Global
	GlobalSection(SolutionConfigurationPlatforms) = preSolution
		Debug|Any CPU = Debug|Any CPU
		Release|Any CPU = Release|Any CPU
	EndGlobalSection
	GlobalSection(ProjectConfigurationPlatforms) = postSolution
		{E70ABC2A-5B8E-4115-AC8F-DDFF4765DFC7}.Debug|Any CPU.ActiveCfg = Debug|Any CPU
		{E70ABC2A-5B8E-4115-AC8F-DDFF4765DFC7}.Debug|Any CPU.Build.0 = Debug|Any CPU
		{E70ABC2A-5B8E-4115-AC8F-DDFF4765DFC7}.Release|Any CPU.ActiveCfg = Release|Any CPU
		{E70ABC2A-5B8E-4115-AC8F-DDFF4765DFC7}.Release|Any CPU.Build.0 = Release|Any CPU
	EndGlobalSection
	GlobalSection(SolutionProperties) = preSolution
		HideSolutionNode = FALSE
	EndGlobalSection
	GlobalSection(ExtensibilityGlobals) = postSolution
		SolutionGuid = {58A36364-A47B-43D4-9E2C-DABB26042526}
	EndGlobalSection
EndGlobal
